
Microsoft Visual Studio Solution File, Format Version 12.00
# Visual Studio Version 17
VisualStudioVersion = 17.2.32630.192
MinimumVisualStudioVersion = 10.0.40219.1
Project("{FAE04EC0-301F-11D3-BF4B-00C04F79EFBC}") = "11.Foreach Döngüsü", "11.Foreach Döngüsü.csproj", "{3AEDBC0A-E63D-4A98-932B-C0ED83D1ED20}"
EndProject
Global
	GlobalSection(SolutionConfigurationPlatforms) = preSolution
		Debug|Any CPU = Debug|Any CPU
		Release|Any CPU = Release|Any CPU
	EndGlobalSection
	GlobalSection(ProjectConfigurationPlatforms) = postSolution
		{3AEDBC0A-E63D-4A98-932B-C0ED83D1ED20}.Debug|Any CPU.ActiveCfg = Debug|Any CPU
		{3AEDBC0A-E63D-4A98-932B-C0ED83D1ED20}.Debug|Any CPU.Build.0 = Debug|Any CPU
		{3AEDBC0A-E63D-4A98-932B-C0ED83D1ED20}.Release|Any CPU.ActiveCfg = Release|Any CPU
		{3AEDBC0A-E63D-4A98-932B-C0ED83D1ED20}.Release|Any CPU.Build.0 = Release|Any CPU
	EndGlobalSection
	GlobalSection(SolutionProperties) = preSolution
		HideSolutionNode = FALSE
	EndGlobalSection
	GlobalSection(ExtensibilityGlobals) = postSolution
		SolutionGuid = {C6BBD458-65EE-4594-9BC4-1071EF48E3C6}
	EndGlobalSection
EndGlobal
