
Microsoft Visual Studio Solution File, Format Version 12.00
# Visual Studio Version 17
VisualStudioVersion = 17.2.32630.192
MinimumVisualStudioVersion = 10.0.40219.1
Project("{FAE04EC0-301F-11D3-BF4B-00C04F79EFBC}") = "Değişken Tanımlama", "Değişken Tanımlama.csproj", "{13896576-F1F5-4A4E-99BB-54819A7C6EAC}"
EndProject
Global
	GlobalSection(SolutionConfigurationPlatforms) = preSolution
		Debug|Any CPU = Debug|Any CPU
		Release|Any CPU = Release|Any CPU
	EndGlobalSection
	GlobalSection(ProjectConfigurationPlatforms) = postSolution
		{13896576-F1F5-4A4E-99BB-54819A7C6EAC}.Debug|Any CPU.ActiveCfg = Debug|Any CPU
		{13896576-F1F5-4A4E-99BB-54819A7C6EAC}.Debug|Any CPU.Build.0 = Debug|Any CPU
		{13896576-F1F5-4A4E-99BB-54819A7C6EAC}.Release|Any CPU.ActiveCfg = Release|Any CPU
		{13896576-F1F5-4A4E-99BB-54819A7C6EAC}.Release|Any CPU.Build.0 = Release|Any CPU
	EndGlobalSection
	GlobalSection(SolutionProperties) = preSolution
		HideSolutionNode = FALSE
	EndGlobalSection
	GlobalSection(ExtensibilityGlobals) = postSolution
		SolutionGuid = {E0AD000E-8621-46CE-A6E8-5FD06445EFC7}
	EndGlobalSection
EndGlobal
