
Microsoft Visual Studio Solution File, Format Version 12.00
# Visual Studio Version 17
VisualStudioVersion = 17.2.32630.192
MinimumVisualStudioVersion = 10.0.40219.1
Project("{FAE04EC0-301F-11D3-BF4B-00C04F79EFBC}") = "DongülerFor", "DongülerFor.csproj", "{B2975D15-5B82-46D6-92D5-90B861782C7D}"
EndProject
Global
	GlobalSection(SolutionConfigurationPlatforms) = preSolution
		Debug|Any CPU = Debug|Any CPU
		Release|Any CPU = Release|Any CPU
	EndGlobalSection
	GlobalSection(ProjectConfigurationPlatforms) = postSolution
		{B2975D15-5B82-46D6-92D5-90B861782C7D}.Debug|Any CPU.ActiveCfg = Debug|Any CPU
		{B2975D15-5B82-46D6-92D5-90B861782C7D}.Debug|Any CPU.Build.0 = Debug|Any CPU
		{B2975D15-5B82-46D6-92D5-90B861782C7D}.Release|Any CPU.ActiveCfg = Release|Any CPU
		{B2975D15-5B82-46D6-92D5-90B861782C7D}.Release|Any CPU.Build.0 = Release|Any CPU
	EndGlobalSection
	GlobalSection(SolutionProperties) = preSolution
		HideSolutionNode = FALSE
	EndGlobalSection
	GlobalSection(ExtensibilityGlobals) = postSolution
		SolutionGuid = {C51C720D-DF6D-489C-95BC-C862CE1C20D0}
	EndGlobalSection
EndGlobal
