
Microsoft Visual Studio Solution File, Format Version 12.00
# Visual Studio Version 17
VisualStudioVersion = 17.3.32804.467
MinimumVisualStudioVersion = 10.0.40219.1
Project("{FAE04EC0-301F-11D3-BF4B-00C04F79EFBC}") = "25.Interface", "25.Interface.csproj", "{5EAA2400-D3DD-4413-A226-E3A803366F61}"
EndProject
Global
	GlobalSection(SolutionConfigurationPlatforms) = preSolution
		Debug|Any CPU = Debug|Any CPU
		Release|Any CPU = Release|Any CPU
	EndGlobalSection
	GlobalSection(ProjectConfigurationPlatforms) = postSolution
		{5EAA2400-D3DD-4413-A226-E3A803366F61}.Debug|Any CPU.ActiveCfg = Debug|Any CPU
		{5EAA2400-D3DD-4413-A226-E3A803366F61}.Debug|Any CPU.Build.0 = Debug|Any CPU
		{5EAA2400-D3DD-4413-A226-E3A803366F61}.Release|Any CPU.ActiveCfg = Release|Any CPU
		{5EAA2400-D3DD-4413-A226-E3A803366F61}.Release|Any CPU.Build.0 = Release|Any CPU
	EndGlobalSection
	GlobalSection(SolutionProperties) = preSolution
		HideSolutionNode = FALSE
	EndGlobalSection
	GlobalSection(ExtensibilityGlobals) = postSolution
		SolutionGuid = {22DB86ED-163D-42CD-8EA8-A8596D355658}
	EndGlobalSection
EndGlobal
