
Microsoft Visual Studio Solution File, Format Version 12.00
# Visual Studio Version 17
VisualStudioVersion = 17.2.32630.192
MinimumVisualStudioVersion = 10.0.40219.1
Project("{FAE04EC0-301F-11D3-BF4B-00C04F79EFBC}") = "7.Switch Case Koşul Yapıları", "7.Switch Case Koşul Yapıları.csproj", "{96D3728B-535C-4D25-8145-86B5A131B00C}"
EndProject
Global
	GlobalSection(SolutionConfigurationPlatforms) = preSolution
		Debug|Any CPU = Debug|Any CPU
		Release|Any CPU = Release|Any CPU
	EndGlobalSection
	GlobalSection(ProjectConfigurationPlatforms) = postSolution
		{96D3728B-535C-4D25-8145-86B5A131B00C}.Debug|Any CPU.ActiveCfg = Debug|Any CPU
		{96D3728B-535C-4D25-8145-86B5A131B00C}.Debug|Any CPU.Build.0 = Debug|Any CPU
		{96D3728B-535C-4D25-8145-86B5A131B00C}.Release|Any CPU.ActiveCfg = Release|Any CPU
		{96D3728B-535C-4D25-8145-86B5A131B00C}.Release|Any CPU.Build.0 = Release|Any CPU
	EndGlobalSection
	GlobalSection(SolutionProperties) = preSolution
		HideSolutionNode = FALSE
	EndGlobalSection
	GlobalSection(ExtensibilityGlobals) = postSolution
		SolutionGuid = {D3B831D6-0593-43D2-B257-19D9D74CED58}
	EndGlobalSection
EndGlobal
