
Microsoft Visual Studio Solution File, Format Version 12.00
# Visual Studio Version 17
VisualStudioVersion = 17.3.32804.467
MinimumVisualStudioVersion = 10.0.40219.1
Project("{FAE04EC0-301F-11D3-BF4B-00C04F79EFBC}") = "21.Classlar ile Çalışmak", "21.Classlar ile Çalışmak.csproj", "{DC70391A-C4C5-488D-BA71-17F81DCEA595}"
EndProject
Global
	GlobalSection(SolutionConfigurationPlatforms) = preSolution
		Debug|Any CPU = Debug|Any CPU
		Release|Any CPU = Release|Any CPU
	EndGlobalSection
	GlobalSection(ProjectConfigurationPlatforms) = postSolution
		{DC70391A-C4C5-488D-BA71-17F81DCEA595}.Debug|Any CPU.ActiveCfg = Debug|Any CPU
		{DC70391A-C4C5-488D-BA71-17F81DCEA595}.Debug|Any CPU.Build.0 = Debug|Any CPU
		{DC70391A-C4C5-488D-BA71-17F81DCEA595}.Release|Any CPU.ActiveCfg = Release|Any CPU
		{DC70391A-C4C5-488D-BA71-17F81DCEA595}.Release|Any CPU.Build.0 = Release|Any CPU
	EndGlobalSection
	GlobalSection(SolutionProperties) = preSolution
		HideSolutionNode = FALSE
	EndGlobalSection
	GlobalSection(ExtensibilityGlobals) = postSolution
		SolutionGuid = {8F780B01-2FF6-400E-83AD-6B3E10E2C585}
	EndGlobalSection
EndGlobal
